{
  "name": "node",
  "version": "1.0.0",
  "lockfileVersion": 1,
  "requires": true,
  "dependencies": {
    "@crowdedjs/assets": {
      "version": "0.1.7",
      "resolved": "https://registry.npmjs.org/@crowdedjs/assets/-/assets-0.1.7.tgz",
      "integrity": "sha512-VhSc5H79e9vNB4ySXNbX1TRHaMAZxfiU0CvNKfTiUEViGvR4ZPfNmzCmfG2RHpuC45HQD5lex+ux9LthqKQETg=="
    }
  }
}
